
Microsoft Visual Studio Solution File, Format Version 12.00
# Visual Studio Version 17
VisualStudioVersion = 17.6.33723.286
MinimumVisualStudioVersion = 10.0.40219.1
Project("{FAE04EC0-301F-11D3-BF4B-00C04F79EFBC}") = "RegExpTracerAvalonia", "RegExpTracerAvalonia\RegExpTracerAvalonia.csproj", "{539561CF-36DA-4134-821D-997C1CCF27EC}"
EndProject
Project("{FAE04EC0-301F-11D3-BF4B-00C04F79EFBC}") = "Common", "Common\Common.csproj", "{C8FF9EFB-E2F5-42A4-8973-B8DD65FE97EE}"
EndProject
Project("{FAE04EC0-301F-11D3-BF4B-00C04F79EFBC}") = "RETracer", "RETracer\RETracer.csproj", "{0FD800A7-D035-4B8E-99E1-CA9F8C5FF908}"
EndProject
Global
	GlobalSection(SolutionConfigurationPlatforms) = preSolution
		Debug|Any CPU = Debug|Any CPU
		Release|Any CPU = Release|Any CPU
	EndGlobalSection
	GlobalSection(ProjectConfigurationPlatforms) = postSolution
		{539561CF-36DA-4134-821D-997C1CCF27EC}.Debug|Any CPU.ActiveCfg = Debug|Any CPU
		{539561CF-36DA-4134-821D-997C1CCF27EC}.Debug|Any CPU.Build.0 = Debug|Any CPU
		{539561CF-36DA-4134-821D-997C1CCF27EC}.Release|Any CPU.ActiveCfg = Release|Any CPU
		{539561CF-36DA-4134-821D-997C1CCF27EC}.Release|Any CPU.Build.0 = Release|Any CPU
		{C8FF9EFB-E2F5-42A4-8973-B8DD65FE97EE}.Debug|Any CPU.ActiveCfg = Debug|Any CPU
		{C8FF9EFB-E2F5-42A4-8973-B8DD65FE97EE}.Debug|Any CPU.Build.0 = Debug|Any CPU
		{C8FF9EFB-E2F5-42A4-8973-B8DD65FE97EE}.Release|Any CPU.ActiveCfg = Release|Any CPU
		{C8FF9EFB-E2F5-42A4-8973-B8DD65FE97EE}.Release|Any CPU.Build.0 = Release|Any CPU
		{0FD800A7-D035-4B8E-99E1-CA9F8C5FF908}.Debug|Any CPU.ActiveCfg = Debug|Any CPU
		{0FD800A7-D035-4B8E-99E1-CA9F8C5FF908}.Debug|Any CPU.Build.0 = Debug|Any CPU
		{0FD800A7-D035-4B8E-99E1-CA9F8C5FF908}.Release|Any CPU.ActiveCfg = Release|Any CPU
		{0FD800A7-D035-4B8E-99E1-CA9F8C5FF908}.Release|Any CPU.Build.0 = Release|Any CPU
	EndGlobalSection
	GlobalSection(SolutionProperties) = preSolution
		HideSolutionNode = FALSE
	EndGlobalSection
	GlobalSection(ExtensibilityGlobals) = postSolution
		SolutionGuid = {F602A85C-C0BA-4911-9B38-B4B172767E0C}
	EndGlobalSection
EndGlobal
